
Microsoft Visual Studio Solution File, Format Version 12.00
# Visual Studio Version 16
VisualStudioVersion = 16.0.30114.105
MinimumVisualStudioVersion = 10.0.40219.1
Project("{FAE04EC0-301F-11D3-BF4B-00C04F79EFBC}") = "ProEventos.Application", "ProEventos.Application\ProEventos.Application.csproj", "{7A99F557-2A16-430E-BBCF-5C2D3392B6A2}"
EndProject
Project("{FAE04EC0-301F-11D3-BF4B-00C04F79EFBC}") = "ProEventos.Domain", "ProEventos.Domain\ProEventos.Domain.csproj", "{EEF96A79-C6C3-41C2-A508-2A1EB4A2E51C}"
EndProject
Project("{FAE04EC0-301F-11D3-BF4B-00C04F79EFBC}") = "ProEventos.API", "ProEventos.API\ProEventos.API.csproj", "{66B855FD-0E69-455C-936E-477E3EF7FD13}"
EndProject
Project("{FAE04EC0-301F-11D3-BF4B-00C04F79EFBC}") = "ProEventos.Persistence", "ProEventos.Persistence\ProEventos.Persistence.csproj", "{985F17DD-C81F-4D6C-81BB-69E38B1626D0}"
EndProject
Global
	GlobalSection(SolutionConfigurationPlatforms) = preSolution
		Debug|Any CPU = Debug|Any CPU
		Debug|x64 = Debug|x64
		Debug|x86 = Debug|x86
		Release|Any CPU = Release|Any CPU
		Release|x64 = Release|x64
		Release|x86 = Release|x86
	EndGlobalSection
	GlobalSection(SolutionProperties) = preSolution
		HideSolutionNode = FALSE
	EndGlobalSection
	GlobalSection(ProjectConfigurationPlatforms) = postSolution
		{7A99F557-2A16-430E-BBCF-5C2D3392B6A2}.Debug|Any CPU.ActiveCfg = Debug|Any CPU
		{7A99F557-2A16-430E-BBCF-5C2D3392B6A2}.Debug|Any CPU.Build.0 = Debug|Any CPU
		{7A99F557-2A16-430E-BBCF-5C2D3392B6A2}.Debug|x64.ActiveCfg = Debug|Any CPU
		{7A99F557-2A16-430E-BBCF-5C2D3392B6A2}.Debug|x64.Build.0 = Debug|Any CPU
		{7A99F557-2A16-430E-BBCF-5C2D3392B6A2}.Debug|x86.ActiveCfg = Debug|Any CPU
		{7A99F557-2A16-430E-BBCF-5C2D3392B6A2}.Debug|x86.Build.0 = Debug|Any CPU
		{7A99F557-2A16-430E-BBCF-5C2D3392B6A2}.Release|Any CPU.ActiveCfg = Release|Any CPU
		{7A99F557-2A16-430E-BBCF-5C2D3392B6A2}.Release|Any CPU.Build.0 = Release|Any CPU
		{7A99F557-2A16-430E-BBCF-5C2D3392B6A2}.Release|x64.ActiveCfg = Release|Any CPU
		{7A99F557-2A16-430E-BBCF-5C2D3392B6A2}.Release|x64.Build.0 = Release|Any CPU
		{7A99F557-2A16-430E-BBCF-5C2D3392B6A2}.Release|x86.ActiveCfg = Release|Any CPU
		{7A99F557-2A16-430E-BBCF-5C2D3392B6A2}.Release|x86.Build.0 = Release|Any CPU
		{EEF96A79-C6C3-41C2-A508-2A1EB4A2E51C}.Debug|Any CPU.ActiveCfg = Debug|Any CPU
		{EEF96A79-C6C3-41C2-A508-2A1EB4A2E51C}.Debug|Any CPU.Build.0 = Debug|Any CPU
		{EEF96A79-C6C3-41C2-A508-2A1EB4A2E51C}.Debug|x64.ActiveCfg = Debug|Any CPU
		{EEF96A79-C6C3-41C2-A508-2A1EB4A2E51C}.Debug|x64.Build.0 = Debug|Any CPU
		{EEF96A79-C6C3-41C2-A508-2A1EB4A2E51C}.Debug|x86.ActiveCfg = Debug|Any CPU
		{EEF96A79-C6C3-41C2-A508-2A1EB4A2E51C}.Debug|x86.Build.0 = Debug|Any CPU
		{EEF96A79-C6C3-41C2-A508-2A1EB4A2E51C}.Release|Any CPU.ActiveCfg = Release|Any CPU
		{EEF96A79-C6C3-41C2-A508-2A1EB4A2E51C}.Release|Any CPU.Build.0 = Release|Any CPU
		{EEF96A79-C6C3-41C2-A508-2A1EB4A2E51C}.Release|x64.ActiveCfg = Release|Any CPU
		{EEF96A79-C6C3-41C2-A508-2A1EB4A2E51C}.Release|x64.Build.0 = Release|Any CPU
		{EEF96A79-C6C3-41C2-A508-2A1EB4A2E51C}.Release|x86.ActiveCfg = Release|Any CPU
		{EEF96A79-C6C3-41C2-A508-2A1EB4A2E51C}.Release|x86.Build.0 = Release|Any CPU
		{66B855FD-0E69-455C-936E-477E3EF7FD13}.Debug|Any CPU.ActiveCfg = Debug|Any CPU
		{66B855FD-0E69-455C-936E-477E3EF7FD13}.Debug|Any CPU.Build.0 = Debug|Any CPU
		{66B855FD-0E69-455C-936E-477E3EF7FD13}.Debug|x64.ActiveCfg = Debug|Any CPU
		{66B855FD-0E69-455C-936E-477E3EF7FD13}.Debug|x64.Build.0 = Debug|Any CPU
		{66B855FD-0E69-455C-936E-477E3EF7FD13}.Debug|x86.ActiveCfg = Debug|Any CPU
		{66B855FD-0E69-455C-936E-477E3EF7FD13}.Debug|x86.Build.0 = Debug|Any CPU
		{66B855FD-0E69-455C-936E-477E3EF7FD13}.Release|Any CPU.ActiveCfg = Release|Any CPU
		{66B855FD-0E69-455C-936E-477E3EF7FD13}.Release|Any CPU.Build.0 = Release|Any CPU
		{66B855FD-0E69-455C-936E-477E3EF7FD13}.Release|x64.ActiveCfg = Release|Any CPU
		{66B855FD-0E69-455C-936E-477E3EF7FD13}.Release|x64.Build.0 = Release|Any CPU
		{66B855FD-0E69-455C-936E-477E3EF7FD13}.Release|x86.ActiveCfg = Release|Any CPU
		{66B855FD-0E69-455C-936E-477E3EF7FD13}.Release|x86.Build.0 = Release|Any CPU
		{985F17DD-C81F-4D6C-81BB-69E38B1626D0}.Debug|Any CPU.ActiveCfg = Debug|Any CPU
		{985F17DD-C81F-4D6C-81BB-69E38B1626D0}.Debug|Any CPU.Build.0 = Debug|Any CPU
		{985F17DD-C81F-4D6C-81BB-69E38B1626D0}.Debug|x64.ActiveCfg = Debug|Any CPU
		{985F17DD-C81F-4D6C-81BB-69E38B1626D0}.Debug|x64.Build.0 = Debug|Any CPU
		{985F17DD-C81F-4D6C-81BB-69E38B1626D0}.Debug|x86.ActiveCfg = Debug|Any CPU
		{985F17DD-C81F-4D6C-81BB-69E38B1626D0}.Debug|x86.Build.0 = Debug|Any CPU
		{985F17DD-C81F-4D6C-81BB-69E38B1626D0}.Release|Any CPU.ActiveCfg = Release|Any CPU
		{985F17DD-C81F-4D6C-81BB-69E38B1626D0}.Release|Any CPU.Build.0 = Release|Any CPU
		{985F17DD-C81F-4D6C-81BB-69E38B1626D0}.Release|x64.ActiveCfg = Release|Any CPU
		{985F17DD-C81F-4D6C-81BB-69E38B1626D0}.Release|x64.Build.0 = Release|Any CPU
		{985F17DD-C81F-4D6C-81BB-69E38B1626D0}.Release|x86.ActiveCfg = Release|Any CPU
		{985F17DD-C81F-4D6C-81BB-69E38B1626D0}.Release|x86.Build.0 = Release|Any CPU
	EndGlobalSection
EndGlobal
